
Microsoft Visual Studio Solution File, Format Version 12.00
# Visual Studio Version 16
VisualStudioVersion = 16.0.30114.105
MinimumVisualStudioVersion = 10.0.40219.1
Project("{9A19103F-16F7-4668-BE54-9A1E7A4F7556}") = "GithubActivityTracker", "GithubActivityTracker.csproj", "{DE47EBAC-8CE3-4217-BB6E-20AA8F54ECE0}"
EndProject
Global
	GlobalSection(SolutionConfigurationPlatforms) = preSolution
		Debug|Any CPU = Debug|Any CPU
		Release|Any CPU = Release|Any CPU
	EndGlobalSection
	GlobalSection(ProjectConfigurationPlatforms) = postSolution
		{DE47EBAC-8CE3-4217-BB6E-20AA8F54ECE0}.Debug|Any CPU.ActiveCfg = Debug|Any CPU
		{DE47EBAC-8CE3-4217-BB6E-20AA8F54ECE0}.Debug|Any CPU.Build.0 = Debug|Any CPU
		{DE47EBAC-8CE3-4217-BB6E-20AA8F54ECE0}.Release|Any CPU.ActiveCfg = Release|Any CPU
		{DE47EBAC-8CE3-4217-BB6E-20AA8F54ECE0}.Release|Any CPU.Build.0 = Release|Any CPU
	EndGlobalSection
	GlobalSection(SolutionProperties) = preSolution
		HideSolutionNode = FALSE
	EndGlobalSection
	GlobalSection(ExtensibilityGlobals) = postSolution
		SolutionGuid = {B754F32E-32D3-462F-85F7-98C136711982}
	EndGlobalSection
EndGlobal
